
Microsoft Visual Studio Solution File, Format Version 11.00
# Visual Studio 2010
Project("{FAE04EC0-301F-11D3-BF4B-00C04F79EFBC}") = "login-unity", "Assembly-CSharp.csproj", "{D326ADDA-A65D-0643-03F7-E56409382238}"
EndProject
Global
	GlobalSection(SolutionConfigurationPlatforms) = preSolution
		Debug|Any CPU = Debug|Any CPU
		Release|Any CPU = Release|Any CPU
	EndGlobalSection
	GlobalSection(ProjectConfigurationPlatforms) = postSolution
		{D326ADDA-A65D-0643-03F7-E56409382238}.Debug|Any CPU.ActiveCfg = Debug|Any CPU
		{D326ADDA-A65D-0643-03F7-E56409382238}.Debug|Any CPU.Build.0 = Debug|Any CPU
		{D326ADDA-A65D-0643-03F7-E56409382238}.Release|Any CPU.ActiveCfg = Release|Any CPU
		{D326ADDA-A65D-0643-03F7-E56409382238}.Release|Any CPU.Build.0 = Release|Any CPU
	EndGlobalSection
	GlobalSection(SolutionProperties) = preSolution
		HideSolutionNode = FALSE
	EndGlobalSection
	GlobalSection(MonoDevelopProperties) = preSolution
		StartupItem = Assembly-CSharp.csproj
	EndGlobalSection
EndGlobal
